
Microsoft Visual Studio Solution File, Format Version 12.00
# Visual Studio Version 17
VisualStudioVersion = 17.7.34031.279
MinimumVisualStudioVersion = 10.0.40219.1
Project("{FAE04EC0-301F-11D3-BF4B-00C04F79EFBC}") = "Practical2", "Practical2.csproj", "{EAFDF08D-2726-4CEE-A03C-A919F4B1AEBB}"
EndProject
Global
	GlobalSection(SolutionConfigurationPlatforms) = preSolution
		Debug|Any CPU = Debug|Any CPU
		Release|Any CPU = Release|Any CPU
	EndGlobalSection
	GlobalSection(ProjectConfigurationPlatforms) = postSolution
		{EAFDF08D-2726-4CEE-A03C-A919F4B1AEBB}.Debug|Any CPU.ActiveCfg = Debug|Any CPU
		{EAFDF08D-2726-4CEE-A03C-A919F4B1AEBB}.Debug|Any CPU.Build.0 = Debug|Any CPU
		{EAFDF08D-2726-4CEE-A03C-A919F4B1AEBB}.Release|Any CPU.ActiveCfg = Release|Any CPU
		{EAFDF08D-2726-4CEE-A03C-A919F4B1AEBB}.Release|Any CPU.Build.0 = Release|Any CPU
	EndGlobalSection
	GlobalSection(SolutionProperties) = preSolution
		HideSolutionNode = FALSE
	EndGlobalSection
	GlobalSection(ExtensibilityGlobals) = postSolution
		SolutionGuid = {D5528E7B-5009-45B6-9106-C573BAF83523}
	EndGlobalSection
EndGlobal
